
Microsoft Visual Studio Solution File, Format Version 12.00
# Visual Studio Version 16
VisualStudioVersion = 16.0.31829.152
MinimumVisualStudioVersion = 10.0.40219.1
Project("{FAE04EC0-301F-11D3-BF4B-00C04F79EFBC}") = "VS9.1.1", "VS9.1.1\VS9.1.1.csproj", "{583C45E6-923F-4A8E-B9DE-D1B6D49294D8}"
EndProject
Global
	GlobalSection(SolutionConfigurationPlatforms) = preSolution
		Debug|Any CPU = Debug|Any CPU
		Release|Any CPU = Release|Any CPU
	EndGlobalSection
	GlobalSection(ProjectConfigurationPlatforms) = postSolution
		{583C45E6-923F-4A8E-B9DE-D1B6D49294D8}.Debug|Any CPU.ActiveCfg = Debug|Any CPU
		{583C45E6-923F-4A8E-B9DE-D1B6D49294D8}.Debug|Any CPU.Build.0 = Debug|Any CPU
		{583C45E6-923F-4A8E-B9DE-D1B6D49294D8}.Release|Any CPU.ActiveCfg = Release|Any CPU
		{583C45E6-923F-4A8E-B9DE-D1B6D49294D8}.Release|Any CPU.Build.0 = Release|Any CPU
	EndGlobalSection
	GlobalSection(SolutionProperties) = preSolution
		HideSolutionNode = FALSE
	EndGlobalSection
	GlobalSection(ExtensibilityGlobals) = postSolution
		SolutionGuid = {3E85D600-E798-44B8-9323-6D1FD8B4F336}
	EndGlobalSection
EndGlobal
